
Microsoft Visual Studio Solution File, Format Version 12.00
# Visual Studio Version 17
VisualStudioVersion = 17.4.33122.133
MinimumVisualStudioVersion = 10.0.40219.1
Project("{8BC9CEB8-8B4A-11D0-8D11-00A0C91BC942}") = "Packman_1_Entrega", "Packman_1_Entrega\Packman_1_Entrega.vcxproj", "{6612B9F5-B095-45BC-BB02-5BA8A667F9D7}"
EndProject
Global
	GlobalSection(SolutionConfigurationPlatforms) = preSolution
		Debug|x64 = Debug|x64
		Debug|x86 = Debug|x86
		Release|x64 = Release|x64
		Release|x86 = Release|x86
	EndGlobalSection
	GlobalSection(ProjectConfigurationPlatforms) = postSolution
		{6612B9F5-B095-45BC-BB02-5BA8A667F9D7}.Debug|x64.ActiveCfg = Debug|x64
		{6612B9F5-B095-45BC-BB02-5BA8A667F9D7}.Debug|x64.Build.0 = Debug|x64
		{6612B9F5-B095-45BC-BB02-5BA8A667F9D7}.Debug|x86.ActiveCfg = Debug|Win32
		{6612B9F5-B095-45BC-BB02-5BA8A667F9D7}.Debug|x86.Build.0 = Debug|Win32
		{6612B9F5-B095-45BC-BB02-5BA8A667F9D7}.Release|x64.ActiveCfg = Release|x64
		{6612B9F5-B095-45BC-BB02-5BA8A667F9D7}.Release|x64.Build.0 = Release|x64
		{6612B9F5-B095-45BC-BB02-5BA8A667F9D7}.Release|x86.ActiveCfg = Release|Win32
		{6612B9F5-B095-45BC-BB02-5BA8A667F9D7}.Release|x86.Build.0 = Release|Win32
	EndGlobalSection
	GlobalSection(SolutionProperties) = preSolution
		HideSolutionNode = FALSE
	EndGlobalSection
	GlobalSection(ExtensibilityGlobals) = postSolution
		SolutionGuid = {2A5A378E-ABE1-4F8D-BABC-689CF6379683}
	EndGlobalSection
EndGlobal
